Microsoft Visual Studio Solution File, Format Version 12.00
# Visual Studio Version 17
VisualStudioVersion = 17.0.31919.166
MinimumVisualStudioVersion = 10.0.40219.1
Project("{FAE04EC0-301F-11D3-BF4B-00C04F79EFBC}") = "Cloak.App", "Cloak.App\Cloak.App.csproj", "{D6D9A3B5-7B50-41A8-9853-22C7AA04E5F3}"
EndProject
Project("{FAE04EC0-301F-11D3-BF4B-00C04F79EFBC}") = "Cloak.Services", "Cloak.Services\Cloak.Services.csproj", "{A4E47C9E-1F76-4F1B-9D9C-D3CE9F2A5F36}"
EndProject
Global
	GlobalSection(SolutionConfigurationPlatforms) = preSolution
		Debug|Any CPU = Debug|Any CPU
		Release|Any CPU = Release|Any CPU
	EndGlobalSection
	GlobalSection(ProjectConfigurationPlatforms) = postSolution
		{D6D9A3B5-7B50-41A8-9853-22C7AA04E5F3}.Debug|Any CPU.ActiveCfg = Debug|Any CPU
		{D6D9A3B5-7B50-41A8-9853-22C7AA04E5F3}.Debug|Any CPU.Build.0 = Debug|Any CPU
		{D6D9A3B5-7B50-41A8-9853-22C7AA04E5F3}.Release|Any CPU.ActiveCfg = Release|Any CPU
		{D6D9A3B5-7B50-41A8-9853-22C7AA04E5F3}.Release|Any CPU.Build.0 = Release|Any CPU
		{A4E47C9E-1F76-4F1B-9D9C-D3CE9F2A5F36}.Debug|Any CPU.ActiveCfg = Debug|Any CPU
		{A4E47C9E-1F76-4F1B-9D9C-D3CE9F2A5F36}.Debug|Any CPU.Build.0 = Debug|Any CPU
		{A4E47C9E-1F76-4F1B-9D9C-D3CE9F2A5F36}.Release|Any CPU.ActiveCfg = Release|Any CPU
		{A4E47C9E-1F76-4F1B-9D9C-D3CE9F2A5F36}.Release|Any CPU.Build.0 = Release|Any CPU
	EndGlobalSection
	GlobalSection(SolutionProperties) = preSolution
		HideSolutionNode = FALSE
	EndGlobalSection
	GlobalSection(ExtensibilityGlobals) = postSolution
		SolutionGuid = {4F017BCE-09BD-4A2E-99B4-0B8EDB71E3D1}
	EndGlobalSection
EndGlobal

